{
    "version": "0.5",
    "requires": [
        "openssl/1.0.2u#0000000000000000000000000000000000000000%1700000000.0",
        "zlib/1.2.11#0000000000000000000000000000000000000000%1700000000.0",
        "libcurl/7.68.0#0000000000000000000000000000000000000000%1700000000.0",
        "libxml2/2.9.10#0000000000000000000000000000000000000000%1700000000.0",
        "expat/2.2.9#0000000000000000000000000000000000000000%1700000000.0",
        "libpng/1.6.36#0000000000000000000000000000000000000000%1700000000.0",
        "sqlite3/3.31.1#0000000000000000000000000000000000000000%1700000000.0",
        "boost/1.71.0#0000000000000000000000000000000000000000%1700000000.0",
        "jsoncpp/1.8.4#0000000000000000000000000000000000000000%1700000000.0",
        "nlohmann_json/3.7.0#0000000000000000000000000000000000000000%1700000000.0",
        "fmt/6.1.2#0000000000000000000000000000000000000000%1700000000.0",
        "spdlog/1.5.0#0000000000000000000000000000000000000000%1700000000.0",
        "protobuf/3.11.4#0000000000000000000000000000000000000000%1700000000.0",
        "poco/1.9.4#0000000000000000000000000000000000000000%1700000000.0",
        "libssh2/1.9.0#0000000000000000000000000000000000000000%1700000000.0",
        "pcre/8.43#0000000000000000000000000000000000000000%1700000000.0",
        "yaml-cpp/0.6.3#0000000000000000000000000000000000000000%1700000000.0",
        "tinyxml2/7.0.0#0000000000000000000000000000000000000000%1700000000.0",
        "cpp-httplib/0.5.5#0000000000000000000000000000000000000000%1700000000.0",
        "libtiff/4.1.0#0000000000000000000000000000000000000000%1700000000.0",
        "libjpeg-turbo/2.0.4#0000000000000000000000000000000000000000%1700000000.0",
        "freetype/2.10.1#0000000000000000000000000000000000000000%1700000000.0",
        "lz4/1.9.2#0000000000000000000000000000000000000000%1700000000.0",
        "zstd/1.4.4#0000000000000000000000000000000000000000%1700000000.0",
        "bzip2/1.0.6#0000000000000000000000000000000000000000%1700000000.0",
        "c-ares/1.16.1#0000000000000000000000000000000000000000%1700000000.0",
        "libwebp/1.0.3#0000000000000000000000000000000000000000%1700000000.0",
        "openjpeg/2.3.1#0000000000000000000000000000000000000000%1700000000.0"
    ],
    "build_requires": [
        "cmake/3.16.3#0000000000000000000000000000000000000000%1700000000.0",
        "ninja/1.10.0#0000000000000000000000000000000000000000%1700000000.0"
    ],
    "python_requires": [],
    "config_requires": []
}